{
  "name": "coursys",
  "version": "1.0.0",
  "lockfileVersion": 3,
  "requires": true,
  "packages": {
    "": {
      "name": "coursys",
      "version": "1.0.0",
      "license": "ISC",
      "dependencies": {
        "@fingerprintjs/fingerprintjs": "^4.6.2",
        "@fortawesome/fontawesome-free": "^7.0.1",
        "codemirror": "^5.65.20",
        "datatables": "^1.10.18",
        "fullcalendar": "^5.11.5",
        "jquery": "^3.7.1",
        "jquery.are-you-sure": "^1.9.0",
        "mathjax": "^4.0.0",
        "moment": "^2.29.4",
        "styled-notifications": "^1.0.3",
        "tinymce": "^7.9.1"
      },
      "devDependencies": {}
    },
    "node_modules/@fingerprintjs/fingerprintjs": {
      "version": "4.6.2",
      "resolved": "https://registry.npmjs.org/@fingerprintjs/fingerprintjs/-/fingerprintjs-4.6.2.tgz",
      "integrity": "sha512-g8mXuqcFKbgH2CZKwPfVtsUJDHyvcgIABQI7Y0tzWEFXpGxJaXuAuzlifT2oTakjDBLTK4Gaa9/5PERDhqUjtw==",
      "license": "BUSL-1.1",
      "dependencies": {
        "tslib": "^2.4.1"
      }
    },
    "node_modules/@fortawesome/fontawesome-free": {
      "version": "7.0.1",
      "resolved": "https://registry.npmjs.org/@fortawesome/fontawesome-free/-/fontawesome-free-7.0.1.tgz",
      "integrity": "sha512-RLmb9U6H2rJDnGxEqXxzy7ANPrQz7WK2/eTjdZqyU9uRU5W+FkAec9uU5gTYzFBH7aoXIw2WTJSCJR4KPlReQw==",
      "license": "(CC-BY-4.0 AND OFL-1.1 AND MIT)",
      "engines": {
        "node": ">=6"
      }
    },
    "node_modules/@mathjax/mathjax-newcm-font": {
      "version": "4.0.0",
      "resolved": "https://registry.npmjs.org/@mathjax/mathjax-newcm-font/-/mathjax-newcm-font-4.0.0.tgz",
      "integrity": "sha512-kpsJgIF4FpWiwIkFgOPmWwy5GXfL25spmJJNg27HQxPddmEL8Blx0jn2BuU/nlwjM/9SnYpEfDrWiAMgLPlB8Q==",
      "license": "Apache-2.0"
    },
    "node_modules/codemirror": {
      "version": "5.65.20",
      "resolved": "https://registry.npmjs.org/codemirror/-/codemirror-5.65.20.tgz",
      "integrity": "sha512-i5dLDDxwkFCbhjvL2pNjShsojoL3XHyDwsGv1jqETUoW+lzpBKKqNTUWgQwVAOa0tUm4BwekT455ujafi8payA==",
      "license": "MIT"
    },
    "node_modules/datatables": {
      "version": "1.10.18",
      "resolved": "https://registry.npmjs.org/datatables/-/datatables-1.10.18.tgz",
      "integrity": "sha512-ntatMgS9NN6UMpwbmO+QkYJuKlVeMA2Mi0Gu/QxyIh+dW7ZjLSDhPT2tWlzjpIWEkDYgieDzS9Nu7bdQCW0sbQ==",
      "dependencies": {
        "jquery": ">=1.7"
      }
    },
    "node_modules/fullcalendar": {
      "version": "5.11.5",
      "resolved": "https://registry.npmjs.org/fullcalendar/-/fullcalendar-5.11.5.tgz",
      "integrity": "sha512-eaVD6zOvuFXVpoMKlg2FQAj8e+PcpitBMwlzwRJJr1zOi/dXMYAksx2hLzwtsr93FVUNSSo16xwMTTZz6+prKQ==",
      "license": "MIT"
    },
    "node_modules/jquery": {
      "version": "3.7.1",
      "resolved": "https://registry.npmjs.org/jquery/-/jquery-3.7.1.tgz",
      "integrity": "sha512-m4avr8yL8kmFN8psrbFFFmB/If14iN5o9nw/NgnnM+kybDJpRsAynV2BsfpTYrTRysYUdADVD7CkUUizgkpLfg==",
      "license": "MIT"
    },
    "node_modules/jquery.are-you-sure": {
      "version": "1.9.0",
      "resolved": "https://registry.npmjs.org/jquery.are-you-sure/-/jquery.are-you-sure-1.9.0.tgz",
      "integrity": "sha512-2r0uFx8CyAopjeHGOdvvwpFP921TnW1+v1uJXcAWQYHYGB1tryTDhQY+5u6HsVeMwbWiRTKVZFWnLaFpDvIqZQ==",
      "dependencies": {
        "jquery": ">=1.4.2"
      },
      "engines": {
        "node": ">=0.8.0"
      }
    },
    "node_modules/mathjax": {
      "version": "4.0.0",
      "resolved": "https://registry.npmjs.org/mathjax/-/mathjax-4.0.0.tgz",
      "integrity": "sha512-ThMPHiPl9ibZBInAmfoTCNq9MgCdH7ChIQ9YhKFc325noJ4DMzy9/Q14qdcuPzVJjEmC3kyXhwnERZWX3hbWzQ==",
      "license": "Apache-2.0",
      "dependencies": {
        "@mathjax/mathjax-newcm-font": "^4.0.0"
      }
    },
    "node_modules/moment": {
      "version": "2.29.4",
      "resolved": "https://registry.npmjs.org/moment/-/moment-2.29.4.tgz",
      "integrity": "sha512-5LC9SOxjSc2HF6vO2CyuTDNivEdoz2IvyJJGj6X8DJ0eFyfszE0QiEd+iXmBvUP3WHxSjFH/vIsA0EN00cgr8w==",
      "engines": {
        "node": "*"
      }
    },
    "node_modules/styled-notifications": {
      "version": "1.0.3",
      "resolved": "https://registry.npmjs.org/styled-notifications/-/styled-notifications-1.0.3.tgz",
      "integrity": "sha512-y2QXj9zhRjL5xmegXUGWX0uGZJfDDrX4tSdwRuoEBRN/NCh4SNDm2hfMFFAm6dAtkh8rtv+SOIuvmkSNOXvLOw=="
    },
    "node_modules/tinymce": {
      "version": "7.9.1",
      "resolved": "https://registry.npmjs.org/tinymce/-/tinymce-7.9.1.tgz",
      "integrity": "sha512-zaOHwmiP1EqTeLRXAvVriDb00JYnfEjWGPdKEuac7MiZJ5aiDMZ4Unc98Gmajn+PBljOmO1GKV6G0KwWn3+k8A==",
      "license": "GPL-2.0-or-later"
    },
    "node_modules/tslib": {
      "version": "2.8.1",
      "resolved": "https://registry.npmjs.org/tslib/-/tslib-2.8.1.tgz",
      "integrity": "sha512-oJFu94HQb+KVduSUQL7wnpmqnfmLsOA/nAh6b6EH0wCEoK0/mPeXU6c3wKDV83MkOuHPRHtSXKKU99IBazS/2w==",
      "license": "0BSD"
    }
  }
}
