{
  "name": "coursys",
  "version": "1.0.0",
  "lockfileVersion": 1,
  "requires": true,
  "dependencies": {
    "datatables": {
      "version": "1.10.18",
      "resolved": "https://registry.npmjs.org/datatables/-/datatables-1.10.18.tgz",
      "integrity": "sha512-ntatMgS9NN6UMpwbmO+QkYJuKlVeMA2Mi0Gu/QxyIh+dW7ZjLSDhPT2tWlzjpIWEkDYgieDzS9Nu7bdQCW0sbQ==",
      "requires": {
        "jquery": ">=1.7"
      }
    },
    "font-awesome": {
      "version": "4.7.0",
      "resolved": "https://registry.npmjs.org/font-awesome/-/font-awesome-4.7.0.tgz",
      "integrity": "sha1-j6jPBBGhoxr9B7BtKQK7n8gVoTM="
    },
    "fullcalendar": {
      "version": "3.10.0",
      "resolved": "https://registry.npmjs.org/fullcalendar/-/fullcalendar-3.10.0.tgz",
      "integrity": "sha512-0OtsHhmdYhtFmQwXzyo8VqHzYgamg+zVOoytv5N13gI+iF6CGjevpCi/yBaQs0O4wY3OAp8I688IxdNYe0iAvw=="
    },
    "highlightjs": {
      "version": "9.12.0",
      "resolved": "https://registry.npmjs.org/highlightjs/-/highlightjs-9.12.0.tgz",
      "integrity": "sha512-eAhWMtDZaOZIQdxIP4UEB1vNp/CVXQPdMSihTSuaExhFIRC0BVpXbtP3mTP1hDoGOyh7nbB3cuC3sOPhG5wGDA=="
    },
    "jquery": {
      "version": "3.4.1",
      "resolved": "https://registry.npmjs.org/jquery/-/jquery-3.4.1.tgz",
      "integrity": "sha512-36+AdBzCL+y6qjw5Tx7HgzeGCzC81MDDgaUP8ld2zhx58HdqXGoBd+tHdrBMiyjGQs0Hxs/MLZTu/eHNJJuWPw=="
    },
    "mathjax": {
      "version": "2.7.5",
      "resolved": "https://registry.npmjs.org/mathjax/-/mathjax-2.7.5.tgz",
      "integrity": "sha512-OzsJNitEHAJB3y4IIlPCAvS0yoXwYjlo2Y4kmm9KQzyIBZt2d8yKRalby3uTRNN4fZQiGL2iMXjpdP1u2Rq2DQ=="
    },
    "moment": {
      "version": "2.24.0",
      "resolved": "https://registry.npmjs.org/moment/-/moment-2.24.0.tgz",
      "integrity": "sha512-bV7f+6l2QigeBBZSM/6yTNq4P2fNpSWj/0e7jQcy87A8e7o2nAfP/34/2ky5Vw4B9S446EtIhodAzkFCcR4dQg=="
    },
    "tinymce": {
      "version": "4.9.4",
      "resolved": "https://registry.npmjs.org/tinymce/-/tinymce-4.9.4.tgz",
      "integrity": "sha512-pht+jAPbVVEVaxGBAGqTwsVsdkI2+c/opuJ44KuD6pBJApMOQbfpGFt+XdxunyPLcxJsa7i28FIWe37W9zqeRA=="
    }
  }
}
